
Microsoft Visual Studio Solution File, Format Version 12.00
# Visual Studio Version 17
VisualStudioVersion = 17.0.32014.148
MinimumVisualStudioVersion = 10.0.40219.1
Project("{FAE04EC0-301F-11D3-BF4B-00C04F79EFBC}") = "kinetics", "kinetics.csproj", "{ADBABBA1-8221-4952-8A50-BA3D5C17472B}"
EndProject
Project("{FAE04EC0-301F-11D3-BF4B-00C04F79EFBC}") = "ServicesMVVM", "ServicesMVVM\ServicesMVVM.csproj", "{99448063-5A4E-4E4C-972C-4E7362BA535A}"
EndProject
Global
	GlobalSection(SolutionConfigurationPlatforms) = preSolution
		Debug|Any CPU = Debug|Any CPU
		Debug|x64 = Debug|x64
		Debug|x86 = Debug|x86
		Release|Any CPU = Release|Any CPU
		Release|x64 = Release|x64
		Release|x86 = Release|x86
	EndGlobalSection
	GlobalSection(ProjectConfigurationPlatforms) = postSolution
		{ADBABBA1-8221-4952-8A50-BA3D5C17472B}.Debug|Any CPU.ActiveCfg = Debug|Any CPU
		{ADBABBA1-8221-4952-8A50-BA3D5C17472B}.Debug|Any CPU.Build.0 = Debug|Any CPU
		{ADBABBA1-8221-4952-8A50-BA3D5C17472B}.Debug|x64.ActiveCfg = Debug|Any CPU
		{ADBABBA1-8221-4952-8A50-BA3D5C17472B}.Debug|x64.Build.0 = Debug|Any CPU
		{ADBABBA1-8221-4952-8A50-BA3D5C17472B}.Debug|x86.ActiveCfg = Debug|Any CPU
		{ADBABBA1-8221-4952-8A50-BA3D5C17472B}.Debug|x86.Build.0 = Debug|Any CPU
		{ADBABBA1-8221-4952-8A50-BA3D5C17472B}.Release|Any CPU.ActiveCfg = Release|Any CPU
		{ADBABBA1-8221-4952-8A50-BA3D5C17472B}.Release|Any CPU.Build.0 = Release|Any CPU
		{ADBABBA1-8221-4952-8A50-BA3D5C17472B}.Release|x64.ActiveCfg = Release|Any CPU
		{ADBABBA1-8221-4952-8A50-BA3D5C17472B}.Release|x64.Build.0 = Release|Any CPU
		{ADBABBA1-8221-4952-8A50-BA3D5C17472B}.Release|x86.ActiveCfg = Release|Any CPU
		{ADBABBA1-8221-4952-8A50-BA3D5C17472B}.Release|x86.Build.0 = Release|Any CPU
		{99448063-5A4E-4E4C-972C-4E7362BA535A}.Debug|Any CPU.ActiveCfg = Debug|Any CPU
		{99448063-5A4E-4E4C-972C-4E7362BA535A}.Debug|Any CPU.Build.0 = Debug|Any CPU
		{99448063-5A4E-4E4C-972C-4E7362BA535A}.Debug|x64.ActiveCfg = Debug|Any CPU
		{99448063-5A4E-4E4C-972C-4E7362BA535A}.Debug|x64.Build.0 = Debug|Any CPU
		{99448063-5A4E-4E4C-972C-4E7362BA535A}.Debug|x86.ActiveCfg = Debug|Any CPU
		{99448063-5A4E-4E4C-972C-4E7362BA535A}.Debug|x86.Build.0 = Debug|Any CPU
		{99448063-5A4E-4E4C-972C-4E7362BA535A}.Release|Any CPU.ActiveCfg = Release|Any CPU
		{99448063-5A4E-4E4C-972C-4E7362BA535A}.Release|Any CPU.Build.0 = Release|Any CPU
		{99448063-5A4E-4E4C-972C-4E7362BA535A}.Release|x64.ActiveCfg = Release|Any CPU
		{99448063-5A4E-4E4C-972C-4E7362BA535A}.Release|x64.Build.0 = Release|Any CPU
		{99448063-5A4E-4E4C-972C-4E7362BA535A}.Release|x86.ActiveCfg = Release|Any CPU
		{99448063-5A4E-4E4C-972C-4E7362BA535A}.Release|x86.Build.0 = Release|Any CPU
	EndGlobalSection
	GlobalSection(SolutionProperties) = preSolution
		HideSolutionNode = FALSE
	EndGlobalSection
	GlobalSection(ExtensibilityGlobals) = postSolution
		SolutionGuid = {8086D7B7-8060-43F5-9CC1-31049B94EEE8}
	EndGlobalSection
EndGlobal
